// !$*UTF8*$!
{
	archiveVersion = 1;
	classes = {
	};
	objectVersion = 46;
	objects = {

/* Begin PBXBuildFile section */
		98DF309918181E620092E8A7 /* Foundation.framework in Frameworks */ = {isa = PBXBuildFile; fileRef = 98DF309818181E620092E8A7 /* Foundation.framework */; };
		98DF309B18181E620092E8A7 /* CoreGraphics.framework in Frameworks */ = {isa = PBXBuildFile; fileRef = 98DF309A18181E620092E8A7 /* CoreGraphics.framework */; };
		98DF309D18181E620092E8A7 /* UIKit.framework in Frameworks */ = {isa = PBXBuildFile; fileRef = 98DF309C18181E620092E8A7 /* UIKit.framework */; };
		98DF309F18181E620092E8A7 /* SpriteKit.framework in Frameworks */ = {isa = PBXBuildFile; fileRef = 98DF309E18181E620092E8A7 /* SpriteKit.framework */; };
		98DF30A518181E620092E8A7 /* InfoPlist.strings in Resources */ = {isa = PBXBuildFile; fileRef = 98DF30A318181E620092E8A7 /* InfoPlist.strings */; };
		98DF30A718181E620092E8A7 /* main.m in Sources */ = {isa = PBXBuildFile; fileRef = 98DF30A618181E620092E8A7 /* main.m */; };
		98DF30AB18181E620092E8A7 /* AppDelegate.m in Sources */ = {isa = PBXBuildFile; fileRef = 98DF30AA18181E620092E8A7 /* AppDelegate.m */; };
		98DF30AE18181E620092E8A7 /* Main.storyboard in Resources */ = {isa = PBXBuildFile; fileRef = 98DF30AC18181E620092E8A7 /* Main.storyboard */; };
		98DF30B118181E620092E8A7 /* ViewController.m in Sources */ = {isa = PBXBuildFile; fileRef = 98DF30B018181E620092E8A7 /* ViewController.m */; };
		98DF30B418181E620092E8A7 /* GameScene.m in Sources */ = {isa = PBXBuildFile; fileRef = 98DF30B318181E620092E8A7 /* GameScene.m */; };
		98DF30B818181E620092E8A7 /* Images.xcassets in Resources */ = {isa = PBXBuildFile; fileRef = 98DF30B718181E620092E8A7 /* Images.xcassets */; };
		98DF30BF18181E620092E8A7 /* XCTest.framework in Frameworks */ = {isa = PBXBuildFile; fileRef = 98DF30BE18181E620092E8A7 /* XCTest.framework */; };
		98DF30C018181E620092E8A7 /* Foundation.framework in Frameworks */ = {isa = PBXBuildFile; fileRef = 98DF309818181E620092E8A7 /* Foundation.framework */; };
		98DF30C118181E620092E8A7 /* UIKit.framework in Frameworks */ = {isa = PBXBuildFile; fileRef = 98DF309C18181E620092E8A7 /* UIKit.framework */; };
		98DF30C918181E620092E8A7 /* InfoPlist.strings in Resources */ = {isa = PBXBuildFile; fileRef = 98DF30C718181E620092E8A7 /* InfoPlist.strings */; };
		98DF30CB18181E620092E8A7 /* splendensTests.m in Sources */ = {isa = PBXBuildFile; fileRef = 98DF30CA18181E620092E8A7 /* splendensTests.m */; };
		98DF30D6181825820092E8A7 /* Cell.m in Sources */ = {isa = PBXBuildFile; fileRef = 98DF30D5181825820092E8A7 /* Cell.m */; };
		98DF30D91818258F0092E8A7 /* Map.m in Sources */ = {isa = PBXBuildFile; fileRef = 98DF30D81818258F0092E8A7 /* Map.m */; };
		98DF30DC18182C9E0092E8A7 /* Player.m in Sources */ = {isa = PBXBuildFile; fileRef = 98DF30DB18182C9E0092E8A7 /* Player.m */; };
		98DF30E1181848E30092E8A7 /* star.png in Resources */ = {isa = PBXBuildFile; fileRef = 98DF30E0181848E20092E8A7 /* star.png */; };
		98DF3113181937570092E8A7 /* basic@2X.png in Resources */ = {isa = PBXBuildFile; fileRef = 98DF3103181937570092E8A7 /* basic@2X.png */; };
		98DF3114181937570092E8A7 /* basic2@2X.png in Resources */ = {isa = PBXBuildFile; fileRef = 98DF3104181937570092E8A7 /* basic2@2X.png */; };
		98DF3115181937570092E8A7 /* beta@2X.png in Resources */ = {isa = PBXBuildFile; fileRef = 98DF3105181937570092E8A7 /* beta@2X.png */; };
		98DF3116181937570092E8A7 /* city@2X.png in Resources */ = {isa = PBXBuildFile; fileRef = 98DF3106181937570092E8A7 /* city@2X.png */; };
		98DF3117181937570092E8A7 /* city2@2X.png in Resources */ = {isa = PBXBuildFile; fileRef = 98DF3107181937570092E8A7 /* city2@2X.png */; };
		98DF3118181937570092E8A7 /* empty@2X.png in Resources */ = {isa = PBXBuildFile; fileRef = 98DF3108181937570092E8A7 /* empty@2X.png */; };
		98DF3119181937570092E8A7 /* lab@2X.png in Resources */ = {isa = PBXBuildFile; fileRef = 98DF3109181937570092E8A7 /* lab@2X.png */; };
		98DF311A181937570092E8A7 /* lab2@2X.png in Resources */ = {isa = PBXBuildFile; fileRef = 98DF310A181937570092E8A7 /* lab2@2X.png */; };
		98DF311B181937570092E8A7 /* path2@2X.png in Resources */ = {isa = PBXBuildFile; fileRef = 98DF310B181937570092E8A7 /* path2@2X.png */; };
		98DF311C181937570092E8A7 /* path2L@2X.png in Resources */ = {isa = PBXBuildFile; fileRef = 98DF310C181937570092E8A7 /* path2L@2X.png */; };
		98DF311D181937570092E8A7 /* path3@2X.png in Resources */ = {isa = PBXBuildFile; fileRef = 98DF310D181937570092E8A7 /* path3@2X.png */; };
		98DF311E181937570092E8A7 /* path4@2X.png in Resources */ = {isa = PBXBuildFile; fileRef = 98DF310E181937570092E8A7 /* path4@2X.png */; };
		98DF311F181937570092E8A7 /* tower@2X.png in Resources */ = {isa = PBXBuildFile; fileRef = 98DF310F181937570092E8A7 /* tower@2X.png */; };
		98DF3120181937570092E8A7 /* tower2@2X.png in Resources */ = {isa = PBXBuildFile; fileRef = 98DF3110181937570092E8A7 /* tower2@2X.png */; };
		98DF3121181937570092E8A7 /* tropa@2X.png in Resources */ = {isa = PBXBuildFile; fileRef = 98DF3111181937570092E8A7 /* tropa@2X.png */; };
		98DF3122181937570092E8A7 /* wall4@2X.png in Resources */ = {isa = PBXBuildFile; fileRef = 98DF3112181937570092E8A7 /* wall4@2X.png */; };
/* End PBXBuildFile section */

/* Begin PBXContainerItemProxy section */
		98DF30C218181E620092E8A7 /* PBXContainerItemProxy */ = {
			isa = PBXContainerItemProxy;
			containerPortal = 98DF308D18181E620092E8A7 /* Project object */;
			proxyType = 1;
			remoteGlobalIDString = 98DF309418181E620092E8A7;
			remoteInfo = splendens;
		};
/* End PBXContainerItemProxy section */

/* Begin PBXFileReference section */
		98DF309518181E620092E8A7 /* splendens.app */ = {isa = PBXFileReference; explicitFileType = wrapper.application; includeInIndex = 0; path = splendens.app; sourceTree = BUILT_PRODUCTS_DIR; };
		98DF309818181E620092E8A7 /* Foundation.framework */ = {isa = PBXFileReference; lastKnownFileType = wrapper.framework; name = Foundation.framework; path = System/Library/Frameworks/Foundation.framework; sourceTree = SDKROOT; };
		98DF309A18181E620092E8A7 /* CoreGraphics.framework */ = {isa = PBXFileReference; lastKnownFileType = wrapper.framework; name = CoreGraphics.framework; path = System/Library/Frameworks/CoreGraphics.framework; sourceTree = SDKROOT; };
		98DF309C18181E620092E8A7 /* UIKit.framework */ = {isa = PBXFileReference; lastKnownFileType = wrapper.framework; name = UIKit.framework; path = System/Library/Frameworks/UIKit.framework; sourceTree = SDKROOT; };
		98DF309E18181E620092E8A7 /* SpriteKit.framework */ = {isa = PBXFileReference; lastKnownFileType = wrapper.framework; name = SpriteKit.framework; path = System/Library/Frameworks/SpriteKit.framework; sourceTree = SDKROOT; };
		98DF30A218181E620092E8A7 /* splendens-Info.plist */ = {isa = PBXFileReference; lastKnownFileType = text.plist.xml; path = "splendens-Info.plist"; sourceTree = "<group>"; };
		98DF30A418181E620092E8A7 /* en */ = {isa = PBXFileReference; lastKnownFileType = text.plist.strings; name = en; path = en.lproj/InfoPlist.strings; sourceTree = "<group>"; };
		98DF30A618181E620092E8A7 /* main.m */ = {isa = PBXFileReference; lastKnownFileType = sourcecode.c.objc; path = main.m; sourceTree = "<group>"; };
		98DF30A818181E620092E8A7 /* splendens-Prefix.pch */ = {isa = PBXFileReference; lastKnownFileType = sourcecode.c.h; path = "splendens-Prefix.pch"; sourceTree = "<group>"; };
		98DF30A918181E620092E8A7 /* AppDelegate.h */ = {isa = PBXFileReference; lastKnownFileType = sourcecode.c.h; path = AppDelegate.h; sourceTree = "<group>"; };
		98DF30AA18181E620092E8A7 /* AppDelegate.m */ = {isa = PBXFileReference; lastKnownFileType = sourcecode.c.objc; path = AppDelegate.m; sourceTree = "<group>"; };
		98DF30AD18181E620092E8A7 /* Base */ = {isa = PBXFileReference; lastKnownFileType = file.storyboard; name = Base; path = Base.lproj/Main.storyboard; sourceTree = "<group>"; };
		98DF30AF18181E620092E8A7 /* ViewController.h */ = {isa = PBXFileReference; lastKnownFileType = sourcecode.c.h; path = ViewController.h; sourceTree = "<group>"; };
		98DF30B018181E620092E8A7 /* ViewController.m */ = {isa = PBXFileReference; lastKnownFileType = sourcecode.c.objc; path = ViewController.m; sourceTree = "<group>"; };
		98DF30B218181E620092E8A7 /* GameScene.h */ = {isa = PBXFileReference; lastKnownFileType = sourcecode.c.h; path = GameScene.h; sourceTree = "<group>"; };
		98DF30B318181E620092E8A7 /* GameScene.m */ = {isa = PBXFileReference; lastKnownFileType = sourcecode.c.objc; path = GameScene.m; sourceTree = "<group>"; };
		98DF30B718181E620092E8A7 /* Images.xcassets */ = {isa = PBXFileReference; lastKnownFileType = folder.assetcatalog; path = Images.xcassets; sourceTree = "<group>"; };
		98DF30BD18181E620092E8A7 /* splendensTests.xctest */ = {isa = PBXFileReference; explicitFileType = wrapper.cfbundle; includeInIndex = 0; path = splendensTests.xctest; sourceTree = BUILT_PRODUCTS_DIR; };
		98DF30BE18181E620092E8A7 /* XCTest.framework */ = {isa = PBXFileReference; lastKnownFileType = wrapper.framework; name = XCTest.framework; path = Library/Frameworks/XCTest.framework; sourceTree = DEVELOPER_DIR; };
		98DF30C618181E620092E8A7 /* splendensTests-Info.plist */ = {isa = PBXFileReference; lastKnownFileType = text.plist.xml; path = "splendensTests-Info.plist"; sourceTree = "<group>"; };
		98DF30C818181E620092E8A7 /* en */ = {isa = PBXFileReference; lastKnownFileType = text.plist.strings; name = en; path = en.lproj/InfoPlist.strings; sourceTree = "<group>"; };
		98DF30CA18181E620092E8A7 /* splendensTests.m */ = {isa = PBXFileReference; lastKnownFileType = sourcecode.c.objc; path = splendensTests.m; sourceTree = "<group>"; };
		98DF30D4181825820092E8A7 /* Cell.h */ = {isa = PBXFileReference; fileEncoding = 4; lastKnownFileType = sourcecode.c.h; path = Cell.h; sourceTree = "<group>"; };
		98DF30D5181825820092E8A7 /* Cell.m */ = {isa = PBXFileReference; fileEncoding = 4; lastKnownFileType = sourcecode.c.objc; path = Cell.m; sourceTree = "<group>"; };
		98DF30D71818258F0092E8A7 /* Map.h */ = {isa = PBXFileReference; fileEncoding = 4; lastKnownFileType = sourcecode.c.h; path = Map.h; sourceTree = "<group>"; };
		98DF30D81818258F0092E8A7 /* Map.m */ = {isa = PBXFileReference; fileEncoding = 4; lastKnownFileType = sourcecode.c.objc; path = Map.m; sourceTree = "<group>"; };
		98DF30DA18182C9E0092E8A7 /* Player.h */ = {isa = PBXFileReference; fileEncoding = 4; lastKnownFileType = sourcecode.c.h; path = Player.h; sourceTree = "<group>"; };
		98DF30DB18182C9E0092E8A7 /* Player.m */ = {isa = PBXFileReference; fileEncoding = 4; lastKnownFileType = sourcecode.c.objc; path = Player.m; sourceTree = "<group>"; };
		98DF30E0181848E20092E8A7 /* star.png */ = {isa = PBXFileReference; lastKnownFileType = image.png; name = star.png; path = ../star.png; sourceTree = "<group>"; };
		98DF3103181937570092E8A7 /* basic@2X.png */ = {isa = PBXFileReference; lastKnownFileType = image.png; path = "basic@2X.png"; sourceTree = "<group>"; };
		98DF3104181937570092E8A7 /* basic2@2X.png */ = {isa = PBXFileReference; lastKnownFileType = image.png; path = "basic2@2X.png"; sourceTree = "<group>"; };
		98DF3105181937570092E8A7 /* beta@2X.png */ = {isa = PBXFileReference; lastKnownFileType = image.png; path = "beta@2X.png"; sourceTree = "<group>"; };
		98DF3106181937570092E8A7 /* city@2X.png */ = {isa = PBXFileReference; lastKnownFileType = image.png; path = "city@2X.png"; sourceTree = "<group>"; };
		98DF3107181937570092E8A7 /* city2@2X.png */ = {isa = PBXFileReference; lastKnownFileType = image.png; path = "city2@2X.png"; sourceTree = "<group>"; };
		98DF3108181937570092E8A7 /* empty@2X.png */ = {isa = PBXFileReference; lastKnownFileType = image.png; path = "empty@2X.png"; sourceTree = "<group>"; };
		98DF3109181937570092E8A7 /* lab@2X.png */ = {isa = PBXFileReference; lastKnownFileType = image.png; path = "lab@2X.png"; sourceTree = "<group>"; };
		98DF310A181937570092E8A7 /* lab2@2X.png */ = {isa = PBXFileReference; lastKnownFileType = image.png; path = "lab2@2X.png"; sourceTree = "<group>"; };
		98DF310B181937570092E8A7 /* path2@2X.png */ = {isa = PBXFileReference; lastKnownFileType = image.png; path = "path2@2X.png"; sourceTree = "<group>"; };
		98DF310C181937570092E8A7 /* path2L@2X.png */ = {isa = PBXFileReference; lastKnownFileType = image.png; path = "path2L@2X.png"; sourceTree = "<group>"; };
		98DF310D181937570092E8A7 /* path3@2X.png */ = {isa = PBXFileReference; lastKnownFileType = image.png; path = "path3@2X.png"; sourceTree = "<group>"; };
		98DF310E181937570092E8A7 /* path4@2X.png */ = {isa = PBXFileReference; lastKnownFileType = image.png; path = "path4@2X.png"; sourceTree = "<group>"; };
		98DF310F181937570092E8A7 /* tower@2X.png */ = {isa = PBXFileReference; lastKnownFileType = image.png; path = "tower@2X.png"; sourceTree = "<group>"; };
		98DF3110181937570092E8A7 /* tower2@2X.png */ = {isa = PBXFileReference; lastKnownFileType = image.png; path = "tower2@2X.png"; sourceTree = "<group>"; };
		98DF3111181937570092E8A7 /* tropa@2X.png */ = {isa = PBXFileReference; lastKnownFileType = image.png; path = "tropa@2X.png"; sourceTree = "<group>"; };
		98DF3112181937570092E8A7 /* wall4@2X.png */ = {isa = PBXFileReference; lastKnownFileType = image.png; path = "wall4@2X.png"; sourceTree = "<group>"; };
/* End PBXFileReference section */

/* Begin PBXFrameworksBuildPhase section */
		98DF309218181E620092E8A7 /* Frameworks */ = {
			isa = PBXFrameworksBuildPhase;
			buildActionMask = 2147483647;
			files = (
				98DF309B18181E620092E8A7 /* CoreGraphics.framework in Frameworks */,
				98DF309D18181E620092E8A7 /* UIKit.framework in Frameworks */,
				98DF309F18181E620092E8A7 /* SpriteKit.framework in Frameworks */,
				98DF309918181E620092E8A7 /* Foundation.framework in Frameworks */,
			);
			runOnlyForDeploymentPostprocessing = 0;
		};
		98DF30BA18181E620092E8A7 /* Frameworks */ = {
			isa = PBXFrameworksBuildPhase;
			buildActionMask = 2147483647;
			files = (
				98DF30BF18181E620092E8A7 /* XCTest.framework in Frameworks */,
				98DF30C118181E620092E8A7 /* UIKit.framework in Frameworks */,
				98DF30C018181E620092E8A7 /* Foundation.framework in Frameworks */,
			);
			runOnlyForDeploymentPostprocessing = 0;
		};
/* End PBXFrameworksBuildPhase section */

/* Begin PBXGroup section */
		98DF308C18181E610092E8A7 = {
			isa = PBXGroup;
			children = (
				98DF30A018181E620092E8A7 /* splendens */,
				98DF30C418181E620092E8A7 /* splendensTests */,
				98DF309718181E620092E8A7 /* Frameworks */,
				98DF309618181E620092E8A7 /* Products */,
			);
			sourceTree = "<group>";
		};
		98DF309618181E620092E8A7 /* Products */ = {
			isa = PBXGroup;
			children = (
				98DF309518181E620092E8A7 /* splendens.app */,
				98DF30BD18181E620092E8A7 /* splendensTests.xctest */,
			);
			name = Products;
			sourceTree = "<group>";
		};
		98DF309718181E620092E8A7 /* Frameworks */ = {
			isa = PBXGroup;
			children = (
				98DF309818181E620092E8A7 /* Foundation.framework */,
				98DF309A18181E620092E8A7 /* CoreGraphics.framework */,
				98DF309C18181E620092E8A7 /* UIKit.framework */,
				98DF309E18181E620092E8A7 /* SpriteKit.framework */,
				98DF30BE18181E620092E8A7 /* XCTest.framework */,
			);
			name = Frameworks;
			sourceTree = "<group>";
		};
		98DF30A018181E620092E8A7 /* splendens */ = {
			isa = PBXGroup;
			children = (
				98DF30E21819317B0092E8A7 /* sprites */,
				98DF30A918181E620092E8A7 /* AppDelegate.h */,
				98DF30AA18181E620092E8A7 /* AppDelegate.m */,
				98DF30AC18181E620092E8A7 /* Main.storyboard */,
				98DF30AF18181E620092E8A7 /* ViewController.h */,
				98DF30B018181E620092E8A7 /* ViewController.m */,
				98DF30B218181E620092E8A7 /* GameScene.h */,
				98DF30B318181E620092E8A7 /* GameScene.m */,
				98DF30B718181E620092E8A7 /* Images.xcassets */,
				98DF30A118181E620092E8A7 /* Supporting Files */,
				98DF30D4181825820092E8A7 /* Cell.h */,
				98DF30D5181825820092E8A7 /* Cell.m */,
				98DF30D71818258F0092E8A7 /* Map.h */,
				98DF30D81818258F0092E8A7 /* Map.m */,
				98DF30DA18182C9E0092E8A7 /* Player.h */,
				98DF30DB18182C9E0092E8A7 /* Player.m */,
			);
			path = splendens;
			sourceTree = "<group>";
		};
		98DF30A118181E620092E8A7 /* Supporting Files */ = {
			isa = PBXGroup;
			children = (
				98DF30A218181E620092E8A7 /* splendens-Info.plist */,
				98DF30A318181E620092E8A7 /* InfoPlist.strings */,
				98DF30A618181E620092E8A7 /* main.m */,
				98DF30A818181E620092E8A7 /* splendens-Prefix.pch */,
			);
			name = "Supporting Files";
			sourceTree = "<group>";
		};
		98DF30C418181E620092E8A7 /* splendensTests */ = {
			isa = PBXGroup;
			children = (
				98DF30CA18181E620092E8A7 /* splendensTests.m */,
				98DF30C518181E620092E8A7 /* Supporting Files */,
			);
			path = splendensTests;
			sourceTree = "<group>";
		};
		98DF30C518181E620092E8A7 /* Supporting Files */ = {
			isa = PBXGroup;
			children = (
				98DF30C618181E620092E8A7 /* splendensTests-Info.plist */,
				98DF30C718181E620092E8A7 /* InfoPlist.strings */,
			);
			name = "Supporting Files";
			sourceTree = "<group>";
		};
		98DF30E21819317B0092E8A7 /* sprites */ = {
			isa = PBXGroup;
			children = (
				98DF3103181937570092E8A7 /* basic@2X.png */,
				98DF3104181937570092E8A7 /* basic2@2X.png */,
				98DF3105181937570092E8A7 /* beta@2X.png */,
				98DF3106181937570092E8A7 /* city@2X.png */,
				98DF3107181937570092E8A7 /* city2@2X.png */,
				98DF3108181937570092E8A7 /* empty@2X.png */,
				98DF3109181937570092E8A7 /* lab@2X.png */,
				98DF310A181937570092E8A7 /* lab2@2X.png */,
				98DF310B181937570092E8A7 /* path2@2X.png */,
				98DF310C181937570092E8A7 /* path2L@2X.png */,
				98DF310D181937570092E8A7 /* path3@2X.png */,
				98DF310E181937570092E8A7 /* path4@2X.png */,
				98DF310F181937570092E8A7 /* tower@2X.png */,
				98DF3110181937570092E8A7 /* tower2@2X.png */,
				98DF3111181937570092E8A7 /* tropa@2X.png */,
				98DF3112181937570092E8A7 /* wall4@2X.png */,
				98DF30E0181848E20092E8A7 /* star.png */,
			);
			path = sprites;
			sourceTree = "<group>";
		};
/* End PBXGroup section */

/* Begin PBXNativeTarget section */
		98DF309418181E620092E8A7 /* splendens */ = {
			isa = PBXNativeTarget;
			buildConfigurationList = 98DF30CE18181E620092E8A7 /* Build configuration list for PBXNativeTarget "splendens" */;
			buildPhases = (
				98DF309118181E620092E8A7 /* Sources */,
				98DF309218181E620092E8A7 /* Frameworks */,
				98DF309318181E620092E8A7 /* Resources */,
			);
			buildRules = (
			);
			dependencies = (
			);
			name = splendens;
			productName = splendens;
			productReference = 98DF309518181E620092E8A7 /* splendens.app */;
			productType = "com.apple.product-type.application";
		};
		98DF30BC18181E620092E8A7 /* splendensTests */ = {
			isa = PBXNativeTarget;
			buildConfigurationList = 98DF30D118181E620092E8A7 /* Build configuration list for PBXNativeTarget "splendensTests" */;
			buildPhases = (
				98DF30B918181E620092E8A7 /* Sources */,
				98DF30BA18181E620092E8A7 /* Frameworks */,
				98DF30BB18181E620092E8A7 /* Resources */,
			);
			buildRules = (
			);
			dependencies = (
				98DF30C318181E620092E8A7 /* PBXTargetDependency */,
			);
			name = splendensTests;
			productName = splendensTests;
			productReference = 98DF30BD18181E620092E8A7 /* splendensTests.xctest */;
			productType = "com.apple.product-type.bundle.unit-test";
		};
/* End PBXNativeTarget section */

/* Begin PBXProject section */
		98DF308D18181E620092E8A7 /* Project object */ = {
			isa = PBXProject;
			attributes = {
				LastUpgradeCheck = 0500;
				ORGANIZATIONNAME = Codeca;
				TargetAttributes = {
					98DF30BC18181E620092E8A7 = {
						TestTargetID = 98DF309418181E620092E8A7;
					};
				};
			};
			buildConfigurationList = 98DF309018181E620092E8A7 /* Build configuration list for PBXProject "splendens" */;
			compatibilityVersion = "Xcode 3.2";
			developmentRegion = English;
			hasScannedForEncodings = 0;
			knownRegions = (
				en,
				Base,
			);
			mainGroup = 98DF308C18181E610092E8A7;
			productRefGroup = 98DF309618181E620092E8A7 /* Products */;
			projectDirPath = "";
			projectRoot = "";
			targets = (
				98DF309418181E620092E8A7 /* splendens */,
				98DF30BC18181E620092E8A7 /* splendensTests */,
			);
		};
/* End PBXProject section */

/* Begin PBXResourcesBuildPhase section */
		98DF309318181E620092E8A7 /* Resources */ = {
			isa = PBXResourcesBuildPhase;
			buildActionMask = 2147483647;
			files = (
				98DF30A518181E620092E8A7 /* InfoPlist.strings in Resources */,
				98DF3116181937570092E8A7 /* city@2X.png in Resources */,
				98DF30E1181848E30092E8A7 /* star.png in Resources */,
				98DF311C181937570092E8A7 /* path2L@2X.png in Resources */,
				98DF311B181937570092E8A7 /* path2@2X.png in Resources */,
				98DF3119181937570092E8A7 /* lab@2X.png in Resources */,
				98DF311D181937570092E8A7 /* path3@2X.png in Resources */,
				98DF3114181937570092E8A7 /* basic2@2X.png in Resources */,
				98DF311A181937570092E8A7 /* lab2@2X.png in Resources */,
				98DF3113181937570092E8A7 /* basic@2X.png in Resources */,
				98DF311E181937570092E8A7 /* path4@2X.png in Resources */,
				98DF30B818181E620092E8A7 /* Images.xcassets in Resources */,
				98DF3115181937570092E8A7 /* beta@2X.png in Resources */,
				98DF30AE18181E620092E8A7 /* Main.storyboard in Resources */,
				98DF3118181937570092E8A7 /* empty@2X.png in Resources */,
				98DF3117181937570092E8A7 /* city2@2X.png in Resources */,
				98DF311F181937570092E8A7 /* tower@2X.png in Resources */,
				98DF3122181937570092E8A7 /* wall4@2X.png in Resources */,
				98DF3120181937570092E8A7 /* tower2@2X.png in Resources */,
				98DF3121181937570092E8A7 /* tropa@2X.png in Resources */,
			);
			runOnlyForDeploymentPostprocessing = 0;
		};
		98DF30BB18181E620092E8A7 /* Resources */ = {
			isa = PBXResourcesBuildPhase;
			buildActionMask = 2147483647;
			files = (
				98DF30C918181E620092E8A7 /* InfoPlist.strings in Resources */,
			);
			runOnlyForDeploymentPostprocessing = 0;
		};
/* End PBXResourcesBuildPhase section */

/* Begin PBXSourcesBuildPhase section */
		98DF309118181E620092E8A7 /* Sources */ = {
			isa = PBXSourcesBuildPhase;
			buildActionMask = 2147483647;
			files = (
				98DF30D91818258F0092E8A7 /* Map.m in Sources */,
				98DF30B418181E620092E8A7 /* GameScene.m in Sources */,
				98DF30B118181E620092E8A7 /* ViewController.m in Sources */,
				98DF30AB18181E620092E8A7 /* AppDelegate.m in Sources */,
				98DF30D6181825820092E8A7 /* Cell.m in Sources */,
				98DF30DC18182C9E0092E8A7 /* Player.m in Sources */,
				98DF30A718181E620092E8A7 /* main.m in Sources */,
			);
			runOnlyForDeploymentPostprocessing = 0;
		};
		98DF30B918181E620092E8A7 /* Sources */ = {
			isa = PBXSourcesBuildPhase;
			buildActionMask = 2147483647;
			files = (
				98DF30CB18181E620092E8A7 /* splendensTests.m in Sources */,
			);
			runOnlyForDeploymentPostprocessing = 0;
		};
/* End PBXSourcesBuildPhase section */

/* Begin PBXTargetDependency section */
		98DF30C318181E620092E8A7 /* PBXTargetDependency */ = {
			isa = PBXTargetDependency;
			target = 98DF309418181E620092E8A7 /* splendens */;
			targetProxy = 98DF30C218181E620092E8A7 /* PBXContainerItemProxy */;
		};
/* End PBXTargetDependency section */

/* Begin PBXVariantGroup section */
		98DF30A318181E620092E8A7 /* InfoPlist.strings */ = {
			isa = PBXVariantGroup;
			children = (
				98DF30A418181E620092E8A7 /* en */,
			);
			name = InfoPlist.strings;
			sourceTree = "<group>";
		};
		98DF30AC18181E620092E8A7 /* Main.storyboard */ = {
			isa = PBXVariantGroup;
			children = (
				98DF30AD18181E620092E8A7 /* Base */,
			);
			name = Main.storyboard;
			sourceTree = "<group>";
		};
		98DF30C718181E620092E8A7 /* InfoPlist.strings */ = {
			isa = PBXVariantGroup;
			children = (
				98DF30C818181E620092E8A7 /* en */,
			);
			name = InfoPlist.strings;
			sourceTree = "<group>";
		};
/* End PBXVariantGroup section */

/* Begin XCBuildConfiguration section */
		98DF30CC18181E620092E8A7 /* Debug */ = {
			isa = XCBuildConfiguration;
			buildSettings = {
				ALWAYS_SEARCH_USER_PATHS = NO;
				ARCHS = "$(ARCHS_STANDARD_INCLUDING_64_BIT)";
				CLANG_CXX_LANGUAGE_STANDARD = "gnu++0x";
				CLANG_CXX_LIBRARY = "libc++";
				CLANG_ENABLE_MODULES = YES;
				CLANG_ENABLE_OBJC_ARC = YES;
				CLANG_WARN_BOOL_CONVERSION = YES;
				CLANG_WARN_CONSTANT_CONVERSION = YES;
				CLANG_WARN_DIRECT_OBJC_ISA_USAGE = YES_ERROR;
				CLANG_WARN_EMPTY_BODY = YES;
				CLANG_WARN_ENUM_CONVERSION = YES;
				CLANG_WARN_INT_CONVERSION = YES;
				CLANG_WARN_OBJC_ROOT_CLASS = YES_ERROR;
				CLANG_WARN__DUPLICATE_METHOD_MATCH = YES;
				"CODE_SIGN_IDENTITY[sdk=iphoneos*]" = "iPhone Developer";
				COPY_PHASE_STRIP = NO;
				GCC_C_LANGUAGE_STANDARD = gnu99;
				GCC_DYNAMIC_NO_PIC = NO;
				GCC_OPTIMIZATION_LEVEL = 0;
				GCC_PREPROCESSOR_DEFINITIONS = (
					"DEBUG=1",
					"$(inherited)",
				);
				GCC_SYMBOLS_PRIVATE_EXTERN = NO;
				GCC_WARN_64_TO_32_BIT_CONVERSION = YES;
				GCC_WARN_ABOUT_RETURN_TYPE = YES_ERROR;
				GCC_WARN_UNDECLARED_SELECTOR = YES;
				GCC_WARN_UNINITIALIZED_AUTOS = YES;
				GCC_WARN_UNUSED_FUNCTION = YES;
				GCC_WARN_UNUSED_VARIABLE = YES;
				IPHONEOS_DEPLOYMENT_TARGET = 7.0;
				ONLY_ACTIVE_ARCH = YES;
				SDKROOT = iphoneos;
				TARGETED_DEVICE_FAMILY = 2;
			};
			name = Debug;
		};
		98DF30CD18181E620092E8A7 /* Release */ = {
			isa = XCBuildConfiguration;
			buildSettings = {
				ALWAYS_SEARCH_USER_PATHS = NO;
				ARCHS = "$(ARCHS_STANDARD_INCLUDING_64_BIT)";
				CLANG_CXX_LANGUAGE_STANDARD = "gnu++0x";
				CLANG_CXX_LIBRARY = "libc++";
				CLANG_ENABLE_MODULES = YES;
				CLANG_ENABLE_OBJC_ARC = YES;
				CLANG_WARN_BOOL_CONVERSION = YES;
				CLANG_WARN_CONSTANT_CONVERSION = YES;
				CLANG_WARN_DIRECT_OBJC_ISA_USAGE = YES_ERROR;
				CLANG_WARN_EMPTY_BODY = YES;
				CLANG_WARN_ENUM_CONVERSION = YES;
				CLANG_WARN_INT_CONVERSION = YES;
				CLANG_WARN_OBJC_ROOT_CLASS = YES_ERROR;
				CLANG_WARN__DUPLICATE_METHOD_MATCH = YES;
				"CODE_SIGN_IDENTITY[sdk=iphoneos*]" = "iPhone Developer";
				COPY_PHASE_STRIP = YES;
				ENABLE_NS_ASSERTIONS = NO;
				GCC_C_LANGUAGE_STANDARD = gnu99;
				GCC_WARN_64_TO_32_BIT_CONVERSION = YES;
				GCC_WARN_ABOUT_RETURN_TYPE = YES_ERROR;
				GCC_WARN_UNDECLARED_SELECTOR = YES;
				GCC_WARN_UNINITIALIZED_AUTOS = YES;
				GCC_WARN_UNUSED_FUNCTION = YES;
				GCC_WARN_UNUSED_VARIABLE = YES;
				IPHONEOS_DEPLOYMENT_TARGET = 7.0;
				SDKROOT = iphoneos;
				TARGETED_DEVICE_FAMILY = 2;
				VALIDATE_PRODUCT = YES;
			};
			name = Release;
		};
		98DF30CF18181E620092E8A7 /* Debug */ = {
			isa = XCBuildConfiguration;
			buildSettings = {
				ASSETCATALOG_COMPILER_APPICON_NAME = AppIcon;
				ASSETCATALOG_COMPILER_LAUNCHIMAGE_NAME = LaunchImage;
				GCC_PRECOMPILE_PREFIX_HEADER = YES;
				GCC_PREFIX_HEADER = "splendens/splendens-Prefix.pch";
				INFOPLIST_FILE = "splendens/splendens-Info.plist";
				PRODUCT_NAME = "$(TARGET_NAME)";
				SPRITEKIT_TEXTURE_ATLAS_OUTPUT = YES;
				WRAPPER_EXTENSION = app;
			};
			name = Debug;
		};
		98DF30D018181E620092E8A7 /* Release */ = {
			isa = XCBuildConfiguration;
			buildSettings = {
				ASSETCATALOG_COMPILER_APPICON_NAME = AppIcon;
				ASSETCATALOG_COMPILER_LAUNCHIMAGE_NAME = LaunchImage;
				GCC_PRECOMPILE_PREFIX_HEADER = YES;
				GCC_PREFIX_HEADER = "splendens/splendens-Prefix.pch";
				INFOPLIST_FILE = "splendens/splendens-Info.plist";
				PRODUCT_NAME = "$(TARGET_NAME)";
				SPRITEKIT_TEXTURE_ATLAS_OUTPUT = YES;
				WRAPPER_EXTENSION = app;
			};
			name = Release;
		};
		98DF30D218181E620092E8A7 /* Debug */ = {
			isa = XCBuildConfiguration;
			buildSettings = {
				ARCHS = "$(ARCHS_STANDARD_INCLUDING_64_BIT)";
				BUNDLE_LOADER = "$(BUILT_PRODUCTS_DIR)/splendens.app/splendens";
				FRAMEWORK_SEARCH_PATHS = (
					"$(SDKROOT)/Developer/Library/Frameworks",
					"$(inherited)",
					"$(DEVELOPER_FRAMEWORKS_DIR)",
				);
				GCC_PRECOMPILE_PREFIX_HEADER = YES;
				GCC_PREFIX_HEADER = "splendens/splendens-Prefix.pch";
				GCC_PREPROCESSOR_DEFINITIONS = (
					"DEBUG=1",
					"$(inherited)",
				);
				INFOPLIST_FILE = "splendensTests/splendensTests-Info.plist";
				PRODUCT_NAME = "$(TARGET_NAME)";
				TEST_HOST = "$(BUNDLE_LOADER)";
				WRAPPER_EXTENSION = xctest;
			};
			name = Debug;
		};
		98DF30D318181E620092E8A7 /* Release */ = {
			isa = XCBuildConfiguration;
			buildSettings = {
				ARCHS = "$(ARCHS_STANDARD_INCLUDING_64_BIT)";
				BUNDLE_LOADER = "$(BUILT_PRODUCTS_DIR)/splendens.app/splendens";
				FRAMEWORK_SEARCH_PATHS = (
					"$(SDKROOT)/Developer/Library/Frameworks",
					"$(inherited)",
					"$(DEVELOPER_FRAMEWORKS_DIR)",
				);
				GCC_PRECOMPILE_PREFIX_HEADER = YES;
				GCC_PREFIX_HEADER = "splendens/splendens-Prefix.pch";
				INFOPLIST_FILE = "splendensTests/splendensTests-Info.plist";
				PRODUCT_NAME = "$(TARGET_NAME)";
				TEST_HOST = "$(BUNDLE_LOADER)";
				WRAPPER_EXTENSION = xctest;
			};
			name = Release;
		};
/* End XCBuildConfiguration section */

/* Begin XCConfigurationList section */
		98DF309018181E620092E8A7 /* Build configuration list for PBXProject "splendens" */ = {
			isa = XCConfigurationList;
			buildConfigurations = (
				98DF30CC18181E620092E8A7 /* Debug */,
				98DF30CD18181E620092E8A7 /* Release */,
			);
			defaultConfigurationIsVisible = 0;
			defaultConfigurationName = Release;
		};
		98DF30CE18181E620092E8A7 /* Build configuration list for PBXNativeTarget "splendens" */ = {
			isa = XCConfigurationList;
			buildConfigurations = (
				98DF30CF18181E620092E8A7 /* Debug */,
				98DF30D018181E620092E8A7 /* Release */,
			);
			defaultConfigurationIsVisible = 0;
		};
		98DF30D118181E620092E8A7 /* Build configuration list for PBXNativeTarget "splendensTests" */ = {
			isa = XCConfigurationList;
			buildConfigurations = (
				98DF30D218181E620092E8A7 /* Debug */,
				98DF30D318181E620092E8A7 /* Release */,
			);
			defaultConfigurationIsVisible = 0;
		};
/* End XCConfigurationList section */
	};
	rootObject = 98DF308D18181E620092E8A7 /* Project object */;
}
