// !$*UTF8*$!
{
	archiveVersion = 1;
	classes = {
	};
	objectVersion = 46;
	objects = {

/* Begin PBXBuildFile section */
		984F6ED91831320600257514 /* MultiPlug.m in Sources */ = {isa = PBXBuildFile; fileRef = 984F6ED81831320600257514 /* MultiPlug.m */; };
		984F6F1E18328DA400257514 /* DebugPlayer.m in Sources */ = {isa = PBXBuildFile; fileRef = 984F6F1D18328DA400257514 /* DebugPlayer.m */; };
		98560D2518240C3B005A83CD /* AnimatedBackgroundScene.m in Sources */ = {isa = PBXBuildFile; fileRef = 98560D2418240C3B005A83CD /* AnimatedBackgroundScene.m */; };
		9857A627183A8653000BDEAD /* PowerButton.m in Sources */ = {isa = PBXBuildFile; fileRef = 9857A626183A8653000BDEAD /* PowerButton.m */; };
		98DF309918181E620092E8A7 /* Foundation.framework in Frameworks */ = {isa = PBXBuildFile; fileRef = 98DF309818181E620092E8A7 /* Foundation.framework */; };
		98DF309B18181E620092E8A7 /* CoreGraphics.framework in Frameworks */ = {isa = PBXBuildFile; fileRef = 98DF309A18181E620092E8A7 /* CoreGraphics.framework */; };
		98DF309D18181E620092E8A7 /* UIKit.framework in Frameworks */ = {isa = PBXBuildFile; fileRef = 98DF309C18181E620092E8A7 /* UIKit.framework */; };
		98DF309F18181E620092E8A7 /* SpriteKit.framework in Frameworks */ = {isa = PBXBuildFile; fileRef = 98DF309E18181E620092E8A7 /* SpriteKit.framework */; };
		98DF30A518181E620092E8A7 /* InfoPlist.strings in Resources */ = {isa = PBXBuildFile; fileRef = 98DF30A318181E620092E8A7 /* InfoPlist.strings */; };
		98DF30A718181E620092E8A7 /* main.m in Sources */ = {isa = PBXBuildFile; fileRef = 98DF30A618181E620092E8A7 /* main.m */; };
		98DF30AB18181E620092E8A7 /* AppDelegate.m in Sources */ = {isa = PBXBuildFile; fileRef = 98DF30AA18181E620092E8A7 /* AppDelegate.m */; };
		98DF30AE18181E620092E8A7 /* Main.storyboard in Resources */ = {isa = PBXBuildFile; fileRef = 98DF30AC18181E620092E8A7 /* Main.storyboard */; };
		98DF30B118181E620092E8A7 /* GameViewController.m in Sources */ = {isa = PBXBuildFile; fileRef = 98DF30B018181E620092E8A7 /* GameViewController.m */; };
		98DF30B418181E620092E8A7 /* GameScene.m in Sources */ = {isa = PBXBuildFile; fileRef = 98DF30B318181E620092E8A7 /* GameScene.m */; };
		98DF30B818181E620092E8A7 /* Images.xcassets in Resources */ = {isa = PBXBuildFile; fileRef = 98DF30B718181E620092E8A7 /* Images.xcassets */; };
		98DF30BF18181E620092E8A7 /* XCTest.framework in Frameworks */ = {isa = PBXBuildFile; fileRef = 98DF30BE18181E620092E8A7 /* XCTest.framework */; };
		98DF30C018181E620092E8A7 /* Foundation.framework in Frameworks */ = {isa = PBXBuildFile; fileRef = 98DF309818181E620092E8A7 /* Foundation.framework */; };
		98DF30C118181E620092E8A7 /* UIKit.framework in Frameworks */ = {isa = PBXBuildFile; fileRef = 98DF309C18181E620092E8A7 /* UIKit.framework */; };
		98DF30C918181E620092E8A7 /* InfoPlist.strings in Resources */ = {isa = PBXBuildFile; fileRef = 98DF30C718181E620092E8A7 /* InfoPlist.strings */; };
		98DF30CB18181E620092E8A7 /* splendensTests.m in Sources */ = {isa = PBXBuildFile; fileRef = 98DF30CA18181E620092E8A7 /* splendensTests.m */; };
		98DF30D6181825820092E8A7 /* Cell.m in Sources */ = {isa = PBXBuildFile; fileRef = 98DF30D5181825820092E8A7 /* Cell.m */; };
		98DF30D91818258F0092E8A7 /* Map.m in Sources */ = {isa = PBXBuildFile; fileRef = 98DF30D81818258F0092E8A7 /* Map.m */; };
		98DF30DC18182C9E0092E8A7 /* Player.m in Sources */ = {isa = PBXBuildFile; fileRef = 98DF30DB18182C9E0092E8A7 /* Player.m */; };
		98DF312818195A780092E8A7 /* Economy.m in Sources */ = {isa = PBXBuildFile; fileRef = 98DF312718195A780092E8A7 /* Economy.m */; };
		98DF3137181994760092E8A7 /* TextButton.m in Sources */ = {isa = PBXBuildFile; fileRef = 98DF3136181994760092E8A7 /* TextButton.m */; };
		98DF313C181AC1950092E8A7 /* Troop.m in Sources */ = {isa = PBXBuildFile; fileRef = 98DF313B181AC1950092E8A7 /* Troop.m */; };
		98DF319D181FD3800092E8A7 /* InitialViewController.m in Sources */ = {isa = PBXBuildFile; fileRef = 98DF319C181FD3800092E8A7 /* InitialViewController.m */; };
		98DF31A0182278E70092E8A7 /* GameOverScene.m in Sources */ = {isa = PBXBuildFile; fileRef = 98DF319F182278E70092E8A7 /* GameOverScene.m */; };
		D00114B1181AC576002ED389 /* BottomPanel.m in Sources */ = {isa = PBXBuildFile; fileRef = D00114B0181AC576002ED389 /* BottomPanel.m */; };
		D03CCE8F18325ACE0021A529 /* Powers.m in Sources */ = {isa = PBXBuildFile; fileRef = D03CCE8E18325ACE0021A529 /* Powers.m */; };
		D05CE05718193C2500827611 /* PathFinder.m in Sources */ = {isa = PBXBuildFile; fileRef = D05CE05618193C2500827611 /* PathFinder.m */; };
		D0627B14182BB1D500E823D5 /* bell.wav in Resources */ = {isa = PBXBuildFile; fileRef = D0627B12182BB1D500E823D5 /* bell.wav */; };
		D0627B15182BB1D500E823D5 /* Fontes.rtf in Resources */ = {isa = PBXBuildFile; fileRef = D0627B13182BB1D500E823D5 /* Fontes.rtf */; };
		D0627B2F182BC26E00E823D5 /* sea.wav in Resources */ = {isa = PBXBuildFile; fileRef = D0627B2C182BC26E00E823D5 /* sea.wav */; };
		D0627B30182BC26E00E823D5 /* seagull.wav in Resources */ = {isa = PBXBuildFile; fileRef = D0627B2D182BC26E00E823D5 /* seagull.wav */; };
		D0627B31182BC26E00E823D5 /* stonelake.aiff in Resources */ = {isa = PBXBuildFile; fileRef = D0627B2E182BC26E00E823D5 /* stonelake.aiff */; };
		D0627B34182BCEB700E823D5 /* Sounds.m in Sources */ = {isa = PBXBuildFile; fileRef = D0627B33182BCEB700E823D5 /* Sounds.m */; };
		D09E80BE183A865B0023C3EC /* clearMap.atlas in Resources */ = {isa = PBXBuildFile; fileRef = D09E80B8183A865B0023C3EC /* clearMap.atlas */; };
		D09E80BF183A865B0023C3EC /* conquer.atlas in Resources */ = {isa = PBXBuildFile; fileRef = D09E80B9183A865B0023C3EC /* conquer.atlas */; };
		D09E80C0183A865B0023C3EC /* downgrade.atlas in Resources */ = {isa = PBXBuildFile; fileRef = D09E80BA183A865B0023C3EC /* downgrade.atlas */; };
		D09E80C1183A865B0023C3EC /* infect.atlas in Resources */ = {isa = PBXBuildFile; fileRef = D09E80BB183A865B0023C3EC /* infect.atlas */; };
		D09E80C2183A865B0023C3EC /* mapCells.atlas in Resources */ = {isa = PBXBuildFile; fileRef = D09E80BC183A865B0023C3EC /* mapCells.atlas */; };
		D09E80C3183A865B0023C3EC /* neutrilize.atlas in Resources */ = {isa = PBXBuildFile; fileRef = D09E80BD183A865B0023C3EC /* neutrilize.atlas */; };
		D0BB821918214513006ECA83 /* TopPanel.m in Sources */ = {isa = PBXBuildFile; fileRef = D0BB821818214513006ECA83 /* TopPanel.m */; };
/* End PBXBuildFile section */

/* Begin PBXContainerItemProxy section */
		98DF30C218181E620092E8A7 /* PBXContainerItemProxy */ = {
			isa = PBXContainerItemProxy;
			containerPortal = 98DF308D18181E620092E8A7 /* Project object */;
			proxyType = 1;
			remoteGlobalIDString = 98DF309418181E620092E8A7;
			remoteInfo = splendens;
		};
/* End PBXContainerItemProxy section */

/* Begin PBXFileReference section */
		984F6ED71831320600257514 /* MultiPlug.h */ = {isa = PBXFileReference; fileEncoding = 4; lastKnownFileType = sourcecode.c.h; path = MultiPlug.h; sourceTree = "<group>"; };
		984F6ED81831320600257514 /* MultiPlug.m */ = {isa = PBXFileReference; fileEncoding = 4; lastKnownFileType = sourcecode.c.objc; path = MultiPlug.m; sourceTree = "<group>"; };
		984F6F1C18328DA400257514 /* DebugPlayer.h */ = {isa = PBXFileReference; fileEncoding = 4; lastKnownFileType = sourcecode.c.h; path = DebugPlayer.h; sourceTree = "<group>"; };
		984F6F1D18328DA400257514 /* DebugPlayer.m */ = {isa = PBXFileReference; fileEncoding = 4; lastKnownFileType = sourcecode.c.objc; path = DebugPlayer.m; sourceTree = "<group>"; };
		98560D2318240C3B005A83CD /* AnimatedBackgroundScene.h */ = {isa = PBXFileReference; fileEncoding = 4; lastKnownFileType = sourcecode.c.h; path = AnimatedBackgroundScene.h; sourceTree = "<group>"; };
		98560D2418240C3B005A83CD /* AnimatedBackgroundScene.m */ = {isa = PBXFileReference; fileEncoding = 4; lastKnownFileType = sourcecode.c.objc; path = AnimatedBackgroundScene.m; sourceTree = "<group>"; };
		9857A625183A8653000BDEAD /* PowerButton.h */ = {isa = PBXFileReference; fileEncoding = 4; lastKnownFileType = sourcecode.c.h; path = PowerButton.h; sourceTree = "<group>"; };
		9857A626183A8653000BDEAD /* PowerButton.m */ = {isa = PBXFileReference; fileEncoding = 4; lastKnownFileType = sourcecode.c.objc; path = PowerButton.m; sourceTree = "<group>"; };
		98DF309518181E620092E8A7 /* splendens.app */ = {isa = PBXFileReference; explicitFileType = wrapper.application; includeInIndex = 0; path = splendens.app; sourceTree = BUILT_PRODUCTS_DIR; };
		98DF309818181E620092E8A7 /* Foundation.framework */ = {isa = PBXFileReference; lastKnownFileType = wrapper.framework; name = Foundation.framework; path = System/Library/Frameworks/Foundation.framework; sourceTree = SDKROOT; };
		98DF309A18181E620092E8A7 /* CoreGraphics.framework */ = {isa = PBXFileReference; lastKnownFileType = wrapper.framework; name = CoreGraphics.framework; path = System/Library/Frameworks/CoreGraphics.framework; sourceTree = SDKROOT; };
		98DF309C18181E620092E8A7 /* UIKit.framework */ = {isa = PBXFileReference; lastKnownFileType = wrapper.framework; name = UIKit.framework; path = System/Library/Frameworks/UIKit.framework; sourceTree = SDKROOT; };
		98DF309E18181E620092E8A7 /* SpriteKit.framework */ = {isa = PBXFileReference; lastKnownFileType = wrapper.framework; name = SpriteKit.framework; path = System/Library/Frameworks/SpriteKit.framework; sourceTree = SDKROOT; };
		98DF30A218181E620092E8A7 /* splendens-Info.plist */ = {isa = PBXFileReference; lastKnownFileType = text.plist.xml; path = "splendens-Info.plist"; sourceTree = "<group>"; };
		98DF30A418181E620092E8A7 /* en */ = {isa = PBXFileReference; lastKnownFileType = text.plist.strings; name = en; path = en.lproj/InfoPlist.strings; sourceTree = "<group>"; };
		98DF30A618181E620092E8A7 /* main.m */ = {isa = PBXFileReference; lastKnownFileType = sourcecode.c.objc; path = main.m; sourceTree = "<group>"; };
		98DF30A818181E620092E8A7 /* splendens-Prefix.pch */ = {isa = PBXFileReference; lastKnownFileType = sourcecode.c.h; path = "splendens-Prefix.pch"; sourceTree = "<group>"; };
		98DF30A918181E620092E8A7 /* AppDelegate.h */ = {isa = PBXFileReference; lastKnownFileType = sourcecode.c.h; path = AppDelegate.h; sourceTree = "<group>"; };
		98DF30AA18181E620092E8A7 /* AppDelegate.m */ = {isa = PBXFileReference; lastKnownFileType = sourcecode.c.objc; path = AppDelegate.m; sourceTree = "<group>"; };
		98DF30AD18181E620092E8A7 /* Base */ = {isa = PBXFileReference; lastKnownFileType = file.storyboard; name = Base; path = Base.lproj/Main.storyboard; sourceTree = "<group>"; };
		98DF30AF18181E620092E8A7 /* GameViewController.h */ = {isa = PBXFileReference; lastKnownFileType = sourcecode.c.h; path = GameViewController.h; sourceTree = "<group>"; };
		98DF30B018181E620092E8A7 /* GameViewController.m */ = {isa = PBXFileReference; lastKnownFileType = sourcecode.c.objc; path = GameViewController.m; sourceTree = "<group>"; };
		98DF30B218181E620092E8A7 /* GameScene.h */ = {isa = PBXFileReference; lastKnownFileType = sourcecode.c.h; path = GameScene.h; sourceTree = "<group>"; };
		98DF30B318181E620092E8A7 /* GameScene.m */ = {isa = PBXFileReference; lastKnownFileType = sourcecode.c.objc; path = GameScene.m; sourceTree = "<group>"; };
		98DF30B718181E620092E8A7 /* Images.xcassets */ = {isa = PBXFileReference; lastKnownFileType = folder.assetcatalog; path = Images.xcassets; sourceTree = "<group>"; };
		98DF30BD18181E620092E8A7 /* splendensTests.xctest */ = {isa = PBXFileReference; explicitFileType = wrapper.cfbundle; includeInIndex = 0; path = splendensTests.xctest; sourceTree = BUILT_PRODUCTS_DIR; };
		98DF30BE18181E620092E8A7 /* XCTest.framework */ = {isa = PBXFileReference; lastKnownFileType = wrapper.framework; name = XCTest.framework; path = Library/Frameworks/XCTest.framework; sourceTree = DEVELOPER_DIR; };
		98DF30C618181E620092E8A7 /* splendensTests-Info.plist */ = {isa = PBXFileReference; lastKnownFileType = text.plist.xml; path = "splendensTests-Info.plist"; sourceTree = "<group>"; };
		98DF30C818181E620092E8A7 /* en */ = {isa = PBXFileReference; lastKnownFileType = text.plist.strings; name = en; path = en.lproj/InfoPlist.strings; sourceTree = "<group>"; };
		98DF30CA18181E620092E8A7 /* splendensTests.m */ = {isa = PBXFileReference; lastKnownFileType = sourcecode.c.objc; path = splendensTests.m; sourceTree = "<group>"; };
		98DF30D4181825820092E8A7 /* Cell.h */ = {isa = PBXFileReference; fileEncoding = 4; lastKnownFileType = sourcecode.c.h; path = Cell.h; sourceTree = "<group>"; };
		98DF30D5181825820092E8A7 /* Cell.m */ = {isa = PBXFileReference; fileEncoding = 4; lastKnownFileType = sourcecode.c.objc; path = Cell.m; sourceTree = "<group>"; };
		98DF30D71818258F0092E8A7 /* Map.h */ = {isa = PBXFileReference; fileEncoding = 4; lastKnownFileType = sourcecode.c.h; path = Map.h; sourceTree = "<group>"; };
		98DF30D81818258F0092E8A7 /* Map.m */ = {isa = PBXFileReference; fileEncoding = 4; lastKnownFileType = sourcecode.c.objc; path = Map.m; sourceTree = "<group>"; };
		98DF30DA18182C9E0092E8A7 /* Player.h */ = {isa = PBXFileReference; fileEncoding = 4; lastKnownFileType = sourcecode.c.h; path = Player.h; sourceTree = "<group>"; };
		98DF30DB18182C9E0092E8A7 /* Player.m */ = {isa = PBXFileReference; fileEncoding = 4; lastKnownFileType = sourcecode.c.objc; path = Player.m; sourceTree = "<group>"; };
		98DF312618195A780092E8A7 /* Economy.h */ = {isa = PBXFileReference; fileEncoding = 4; lastKnownFileType = sourcecode.c.h; path = Economy.h; sourceTree = "<group>"; };
		98DF312718195A780092E8A7 /* Economy.m */ = {isa = PBXFileReference; fileEncoding = 4; lastKnownFileType = sourcecode.c.objc; path = Economy.m; sourceTree = "<group>"; };
		98DF3135181994760092E8A7 /* TextButton.h */ = {isa = PBXFileReference; fileEncoding = 4; lastKnownFileType = sourcecode.c.h; path = TextButton.h; sourceTree = "<group>"; };
		98DF3136181994760092E8A7 /* TextButton.m */ = {isa = PBXFileReference; fileEncoding = 4; lastKnownFileType = sourcecode.c.objc; path = TextButton.m; sourceTree = "<group>"; };
		98DF313A181AC1950092E8A7 /* Troop.h */ = {isa = PBXFileReference; fileEncoding = 4; lastKnownFileType = sourcecode.c.h; path = Troop.h; sourceTree = "<group>"; };
		98DF313B181AC1950092E8A7 /* Troop.m */ = {isa = PBXFileReference; fileEncoding = 4; lastKnownFileType = sourcecode.c.objc; path = Troop.m; sourceTree = "<group>"; };
		98DF319B181FD3800092E8A7 /* InitialViewController.h */ = {isa = PBXFileReference; fileEncoding = 4; lastKnownFileType = sourcecode.c.h; path = InitialViewController.h; sourceTree = "<group>"; };
		98DF319C181FD3800092E8A7 /* InitialViewController.m */ = {isa = PBXFileReference; fileEncoding = 4; lastKnownFileType = sourcecode.c.objc; path = InitialViewController.m; sourceTree = "<group>"; };
		98DF319E182278E70092E8A7 /* GameOverScene.h */ = {isa = PBXFileReference; fileEncoding = 4; lastKnownFileType = sourcecode.c.h; path = GameOverScene.h; sourceTree = "<group>"; };
		98DF319F182278E70092E8A7 /* GameOverScene.m */ = {isa = PBXFileReference; fileEncoding = 4; lastKnownFileType = sourcecode.c.objc; path = GameOverScene.m; sourceTree = "<group>"; };
		D00114AF181AC576002ED389 /* BottomPanel.h */ = {isa = PBXFileReference; fileEncoding = 4; lastKnownFileType = sourcecode.c.h; path = BottomPanel.h; sourceTree = "<group>"; };
		D00114B0181AC576002ED389 /* BottomPanel.m */ = {isa = PBXFileReference; fileEncoding = 4; lastKnownFileType = sourcecode.c.objc; path = BottomPanel.m; sourceTree = "<group>"; };
		D03CCE8D18325ACE0021A529 /* Powers.h */ = {isa = PBXFileReference; fileEncoding = 4; lastKnownFileType = sourcecode.c.h; path = Powers.h; sourceTree = "<group>"; };
		D03CCE8E18325ACE0021A529 /* Powers.m */ = {isa = PBXFileReference; fileEncoding = 4; lastKnownFileType = sourcecode.c.objc; path = Powers.m; sourceTree = "<group>"; };
		D05CE05518193C2500827611 /* PathFinder.h */ = {isa = PBXFileReference; fileEncoding = 4; lastKnownFileType = sourcecode.c.h; path = PathFinder.h; sourceTree = "<group>"; };
		D05CE05618193C2500827611 /* PathFinder.m */ = {isa = PBXFileReference; fileEncoding = 4; lastKnownFileType = sourcecode.c.objc; path = PathFinder.m; sourceTree = "<group>"; };
		D0627B12182BB1D500E823D5 /* bell.wav */ = {isa = PBXFileReference; lastKnownFileType = audio.wav; path = bell.wav; sourceTree = "<group>"; };
		D0627B13182BB1D500E823D5 /* Fontes.rtf */ = {isa = PBXFileReference; fileEncoding = 4; lastKnownFileType = text.rtf; path = Fontes.rtf; sourceTree = "<group>"; };
		D0627B2C182BC26E00E823D5 /* sea.wav */ = {isa = PBXFileReference; lastKnownFileType = audio.wav; path = sea.wav; sourceTree = "<group>"; };
		D0627B2D182BC26E00E823D5 /* seagull.wav */ = {isa = PBXFileReference; lastKnownFileType = audio.wav; path = seagull.wav; sourceTree = "<group>"; };
		D0627B2E182BC26E00E823D5 /* stonelake.aiff */ = {isa = PBXFileReference; lastKnownFileType = audio.aiff; path = stonelake.aiff; sourceTree = "<group>"; };
		D0627B32182BCEB700E823D5 /* Sounds.h */ = {isa = PBXFileReference; fileEncoding = 4; lastKnownFileType = sourcecode.c.h; path = Sounds.h; sourceTree = "<group>"; };
		D0627B33182BCEB700E823D5 /* Sounds.m */ = {isa = PBXFileReference; fileEncoding = 4; lastKnownFileType = sourcecode.c.objc; path = Sounds.m; sourceTree = "<group>"; };
		D09E80B8183A865B0023C3EC /* clearMap.atlas */ = {isa = PBXFileReference; lastKnownFileType = folder.skatlas; name = clearMap.atlas; path = Images.xcassets/clearMap.atlas; sourceTree = "<group>"; };
		D09E80B9183A865B0023C3EC /* conquer.atlas */ = {isa = PBXFileReference; lastKnownFileType = folder.skatlas; name = conquer.atlas; path = Images.xcassets/conquer.atlas; sourceTree = "<group>"; };
		D09E80BA183A865B0023C3EC /* downgrade.atlas */ = {isa = PBXFileReference; lastKnownFileType = folder.skatlas; name = downgrade.atlas; path = Images.xcassets/downgrade.atlas; sourceTree = "<group>"; };
		D09E80BB183A865B0023C3EC /* infect.atlas */ = {isa = PBXFileReference; lastKnownFileType = folder.skatlas; name = infect.atlas; path = Images.xcassets/infect.atlas; sourceTree = "<group>"; };
		D09E80BC183A865B0023C3EC /* mapCells.atlas */ = {isa = PBXFileReference; lastKnownFileType = folder.skatlas; name = mapCells.atlas; path = Images.xcassets/mapCells.atlas; sourceTree = "<group>"; };
		D09E80BD183A865B0023C3EC /* neutrilize.atlas */ = {isa = PBXFileReference; lastKnownFileType = folder.skatlas; name = neutrilize.atlas; path = Images.xcassets/neutrilize.atlas; sourceTree = "<group>"; };
		D0BB821718214513006ECA83 /* TopPanel.h */ = {isa = PBXFileReference; fileEncoding = 4; lastKnownFileType = sourcecode.c.h; path = TopPanel.h; sourceTree = "<group>"; };
		D0BB821818214513006ECA83 /* TopPanel.m */ = {isa = PBXFileReference; fileEncoding = 4; lastKnownFileType = sourcecode.c.objc; path = TopPanel.m; sourceTree = "<group>"; };
/* End PBXFileReference section */

/* Begin PBXFrameworksBuildPhase section */
		98DF309218181E620092E8A7 /* Frameworks */ = {
			isa = PBXFrameworksBuildPhase;
			buildActionMask = 2147483647;
			files = (
				98DF309B18181E620092E8A7 /* CoreGraphics.framework in Frameworks */,
				98DF309D18181E620092E8A7 /* UIKit.framework in Frameworks */,
				98DF309F18181E620092E8A7 /* SpriteKit.framework in Frameworks */,
				98DF309918181E620092E8A7 /* Foundation.framework in Frameworks */,
			);
			runOnlyForDeploymentPostprocessing = 0;
		};
		98DF30BA18181E620092E8A7 /* Frameworks */ = {
			isa = PBXFrameworksBuildPhase;
			buildActionMask = 2147483647;
			files = (
				98DF30BF18181E620092E8A7 /* XCTest.framework in Frameworks */,
				98DF30C118181E620092E8A7 /* UIKit.framework in Frameworks */,
				98DF30C018181E620092E8A7 /* Foundation.framework in Frameworks */,
			);
			runOnlyForDeploymentPostprocessing = 0;
		};
/* End PBXFrameworksBuildPhase section */

/* Begin PBXGroup section */
		98DF308C18181E610092E8A7 = {
			isa = PBXGroup;
			children = (
				98DF30A018181E620092E8A7 /* splendens */,
				98DF30C418181E620092E8A7 /* splendensTests */,
				98DF309718181E620092E8A7 /* Frameworks */,
				98DF309618181E620092E8A7 /* Products */,
			);
			sourceTree = "<group>";
		};
		98DF309618181E620092E8A7 /* Products */ = {
			isa = PBXGroup;
			children = (
				98DF309518181E620092E8A7 /* splendens.app */,
				98DF30BD18181E620092E8A7 /* splendensTests.xctest */,
			);
			name = Products;
			sourceTree = "<group>";
		};
		98DF309718181E620092E8A7 /* Frameworks */ = {
			isa = PBXGroup;
			children = (
				98DF309818181E620092E8A7 /* Foundation.framework */,
				98DF309A18181E620092E8A7 /* CoreGraphics.framework */,
				98DF309C18181E620092E8A7 /* UIKit.framework */,
				98DF309E18181E620092E8A7 /* SpriteKit.framework */,
				98DF30BE18181E620092E8A7 /* XCTest.framework */,
			);
			name = Frameworks;
			sourceTree = "<group>";
		};
		98DF30A018181E620092E8A7 /* splendens */ = {
			isa = PBXGroup;
			children = (
				D09E80B7183A86330023C3EC /* Atlas */,
				984F6ED71831320600257514 /* MultiPlug.h */,
				984F6ED81831320600257514 /* MultiPlug.m */,
				D0627B11182BB1D500E823D5 /* sounds */,
				98DF3134181992BC0092E8A7 /* scenes */,
				98DF30A918181E620092E8A7 /* AppDelegate.h */,
				98DF30AA18181E620092E8A7 /* AppDelegate.m */,
				98DF30AC18181E620092E8A7 /* Main.storyboard */,
				98DF30B718181E620092E8A7 /* Images.xcassets */,
				98DF30A118181E620092E8A7 /* Supporting Files */,
				98DF30D4181825820092E8A7 /* Cell.h */,
				98DF30D5181825820092E8A7 /* Cell.m */,
				98DF30D71818258F0092E8A7 /* Map.h */,
				98DF30D81818258F0092E8A7 /* Map.m */,
				98DF30DA18182C9E0092E8A7 /* Player.h */,
				98DF30DB18182C9E0092E8A7 /* Player.m */,
				D05CE05518193C2500827611 /* PathFinder.h */,
				D05CE05618193C2500827611 /* PathFinder.m */,
				98DF312618195A780092E8A7 /* Economy.h */,
				98DF312718195A780092E8A7 /* Economy.m */,
				98DF3135181994760092E8A7 /* TextButton.h */,
				98DF3136181994760092E8A7 /* TextButton.m */,
				98DF313A181AC1950092E8A7 /* Troop.h */,
				98DF313B181AC1950092E8A7 /* Troop.m */,
				D00114AF181AC576002ED389 /* BottomPanel.h */,
				D00114B0181AC576002ED389 /* BottomPanel.m */,
				D0BB821718214513006ECA83 /* TopPanel.h */,
				D0BB821818214513006ECA83 /* TopPanel.m */,
				D0627B32182BCEB700E823D5 /* Sounds.h */,
				D0627B33182BCEB700E823D5 /* Sounds.m */,
				D03CCE8D18325ACE0021A529 /* Powers.h */,
				D03CCE8E18325ACE0021A529 /* Powers.m */,
				984F6F1C18328DA400257514 /* DebugPlayer.h */,
				984F6F1D18328DA400257514 /* DebugPlayer.m */,
				9857A625183A8653000BDEAD /* PowerButton.h */,
				9857A626183A8653000BDEAD /* PowerButton.m */,
			);
			path = splendens;
			sourceTree = "<group>";
		};
		98DF30A118181E620092E8A7 /* Supporting Files */ = {
			isa = PBXGroup;
			children = (
				98DF30A218181E620092E8A7 /* splendens-Info.plist */,
				98DF30A318181E620092E8A7 /* InfoPlist.strings */,
				98DF30A618181E620092E8A7 /* main.m */,
				98DF30A818181E620092E8A7 /* splendens-Prefix.pch */,
			);
			name = "Supporting Files";
			sourceTree = "<group>";
		};
		98DF30C418181E620092E8A7 /* splendensTests */ = {
			isa = PBXGroup;
			children = (
				98DF30CA18181E620092E8A7 /* splendensTests.m */,
				98DF30C518181E620092E8A7 /* Supporting Files */,
			);
			path = splendensTests;
			sourceTree = "<group>";
		};
		98DF30C518181E620092E8A7 /* Supporting Files */ = {
			isa = PBXGroup;
			children = (
				98DF30C618181E620092E8A7 /* splendensTests-Info.plist */,
				98DF30C718181E620092E8A7 /* InfoPlist.strings */,
			);
			name = "Supporting Files";
			sourceTree = "<group>";
		};
		98DF3134181992BC0092E8A7 /* scenes */ = {
			isa = PBXGroup;
			children = (
				98DF30AF18181E620092E8A7 /* GameViewController.h */,
				98DF30B018181E620092E8A7 /* GameViewController.m */,
				98DF319B181FD3800092E8A7 /* InitialViewController.h */,
				98DF319C181FD3800092E8A7 /* InitialViewController.m */,
				98DF30B218181E620092E8A7 /* GameScene.h */,
				98DF30B318181E620092E8A7 /* GameScene.m */,
				98DF319E182278E70092E8A7 /* GameOverScene.h */,
				98DF319F182278E70092E8A7 /* GameOverScene.m */,
				98560D2318240C3B005A83CD /* AnimatedBackgroundScene.h */,
				98560D2418240C3B005A83CD /* AnimatedBackgroundScene.m */,
			);
			name = scenes;
			sourceTree = "<group>";
		};
		D0627B11182BB1D500E823D5 /* sounds */ = {
			isa = PBXGroup;
			children = (
				D0627B2C182BC26E00E823D5 /* sea.wav */,
				D0627B2D182BC26E00E823D5 /* seagull.wav */,
				D0627B2E182BC26E00E823D5 /* stonelake.aiff */,
				D0627B12182BB1D500E823D5 /* bell.wav */,
				D0627B13182BB1D500E823D5 /* Fontes.rtf */,
			);
			path = sounds;
			sourceTree = "<group>";
		};
		D09E80B7183A86330023C3EC /* Atlas */ = {
			isa = PBXGroup;
			children = (
				D09E80B8183A865B0023C3EC /* clearMap.atlas */,
				D09E80B9183A865B0023C3EC /* conquer.atlas */,
				D09E80BA183A865B0023C3EC /* downgrade.atlas */,
				D09E80BB183A865B0023C3EC /* infect.atlas */,
				D09E80BC183A865B0023C3EC /* mapCells.atlas */,
				D09E80BD183A865B0023C3EC /* neutrilize.atlas */,
			);
			name = Atlas;
			sourceTree = "<group>";
		};
/* End PBXGroup section */

/* Begin PBXNativeTarget section */
		98DF309418181E620092E8A7 /* splendens */ = {
			isa = PBXNativeTarget;
			buildConfigurationList = 98DF30CE18181E620092E8A7 /* Build configuration list for PBXNativeTarget "splendens" */;
			buildPhases = (
				98DF309118181E620092E8A7 /* Sources */,
				98DF309218181E620092E8A7 /* Frameworks */,
				98DF309318181E620092E8A7 /* Resources */,
			);
			buildRules = (
			);
			dependencies = (
			);
			name = splendens;
			productName = splendens;
			productReference = 98DF309518181E620092E8A7 /* splendens.app */;
			productType = "com.apple.product-type.application";
		};
		98DF30BC18181E620092E8A7 /* splendensTests */ = {
			isa = PBXNativeTarget;
			buildConfigurationList = 98DF30D118181E620092E8A7 /* Build configuration list for PBXNativeTarget "splendensTests" */;
			buildPhases = (
				98DF30B918181E620092E8A7 /* Sources */,
				98DF30BA18181E620092E8A7 /* Frameworks */,
				98DF30BB18181E620092E8A7 /* Resources */,
			);
			buildRules = (
			);
			dependencies = (
				98DF30C318181E620092E8A7 /* PBXTargetDependency */,
			);
			name = splendensTests;
			productName = splendensTests;
			productReference = 98DF30BD18181E620092E8A7 /* splendensTests.xctest */;
			productType = "com.apple.product-type.bundle.unit-test";
		};
/* End PBXNativeTarget section */

/* Begin PBXProject section */
		98DF308D18181E620092E8A7 /* Project object */ = {
			isa = PBXProject;
			attributes = {
				LastUpgradeCheck = 0500;
				ORGANIZATIONNAME = Codeca;
				TargetAttributes = {
					98DF30BC18181E620092E8A7 = {
						TestTargetID = 98DF309418181E620092E8A7;
					};
				};
			};
			buildConfigurationList = 98DF309018181E620092E8A7 /* Build configuration list for PBXProject "splendens" */;
			compatibilityVersion = "Xcode 3.2";
			developmentRegion = English;
			hasScannedForEncodings = 0;
			knownRegions = (
				en,
				Base,
			);
			mainGroup = 98DF308C18181E610092E8A7;
			productRefGroup = 98DF309618181E620092E8A7 /* Products */;
			projectDirPath = "";
			projectRoot = "";
			targets = (
				98DF309418181E620092E8A7 /* splendens */,
				98DF30BC18181E620092E8A7 /* splendensTests */,
			);
		};
/* End PBXProject section */

/* Begin PBXResourcesBuildPhase section */
		98DF309318181E620092E8A7 /* Resources */ = {
			isa = PBXResourcesBuildPhase;
			buildActionMask = 2147483647;
			files = (
				D0627B14182BB1D500E823D5 /* bell.wav in Resources */,
				D09E80BE183A865B0023C3EC /* clearMap.atlas in Resources */,
				98DF30A518181E620092E8A7 /* InfoPlist.strings in Resources */,
				D0627B30182BC26E00E823D5 /* seagull.wav in Resources */,
				D09E80C3183A865B0023C3EC /* neutrilize.atlas in Resources */,
				D09E80C1183A865B0023C3EC /* infect.atlas in Resources */,
				D0627B15182BB1D500E823D5 /* Fontes.rtf in Resources */,
				D09E80C0183A865B0023C3EC /* downgrade.atlas in Resources */,
				D0627B2F182BC26E00E823D5 /* sea.wav in Resources */,
				98DF30B818181E620092E8A7 /* Images.xcassets in Resources */,
				98DF30AE18181E620092E8A7 /* Main.storyboard in Resources */,
				D09E80C2183A865B0023C3EC /* mapCells.atlas in Resources */,
				D0627B31182BC26E00E823D5 /* stonelake.aiff in Resources */,
				D09E80BF183A865B0023C3EC /* conquer.atlas in Resources */,
			);
			runOnlyForDeploymentPostprocessing = 0;
		};
		98DF30BB18181E620092E8A7 /* Resources */ = {
			isa = PBXResourcesBuildPhase;
			buildActionMask = 2147483647;
			files = (
				98DF30C918181E620092E8A7 /* InfoPlist.strings in Resources */,
			);
			runOnlyForDeploymentPostprocessing = 0;
		};
/* End PBXResourcesBuildPhase section */

/* Begin PBXSourcesBuildPhase section */
		98DF309118181E620092E8A7 /* Sources */ = {
			isa = PBXSourcesBuildPhase;
			buildActionMask = 2147483647;
			files = (
				98DF30D91818258F0092E8A7 /* Map.m in Sources */,
				9857A627183A8653000BDEAD /* PowerButton.m in Sources */,
				98DF30B418181E620092E8A7 /* GameScene.m in Sources */,
				98DF30B118181E620092E8A7 /* GameViewController.m in Sources */,
				D00114B1181AC576002ED389 /* BottomPanel.m in Sources */,
				984F6F1E18328DA400257514 /* DebugPlayer.m in Sources */,
				98DF312818195A780092E8A7 /* Economy.m in Sources */,
				98DF30AB18181E620092E8A7 /* AppDelegate.m in Sources */,
				D05CE05718193C2500827611 /* PathFinder.m in Sources */,
				98DF3137181994760092E8A7 /* TextButton.m in Sources */,
				98560D2518240C3B005A83CD /* AnimatedBackgroundScene.m in Sources */,
				984F6ED91831320600257514 /* MultiPlug.m in Sources */,
				98DF30D6181825820092E8A7 /* Cell.m in Sources */,
				D0627B34182BCEB700E823D5 /* Sounds.m in Sources */,
				D0BB821918214513006ECA83 /* TopPanel.m in Sources */,
				98DF319D181FD3800092E8A7 /* InitialViewController.m in Sources */,
				D03CCE8F18325ACE0021A529 /* Powers.m in Sources */,
				98DF313C181AC1950092E8A7 /* Troop.m in Sources */,
				98DF30DC18182C9E0092E8A7 /* Player.m in Sources */,
				98DF31A0182278E70092E8A7 /* GameOverScene.m in Sources */,
				98DF30A718181E620092E8A7 /* main.m in Sources */,
			);
			runOnlyForDeploymentPostprocessing = 0;
		};
		98DF30B918181E620092E8A7 /* Sources */ = {
			isa = PBXSourcesBuildPhase;
			buildActionMask = 2147483647;
			files = (
				98DF30CB18181E620092E8A7 /* splendensTests.m in Sources */,
			);
			runOnlyForDeploymentPostprocessing = 0;
		};
/* End PBXSourcesBuildPhase section */

/* Begin PBXTargetDependency section */
		98DF30C318181E620092E8A7 /* PBXTargetDependency */ = {
			isa = PBXTargetDependency;
			target = 98DF309418181E620092E8A7 /* splendens */;
			targetProxy = 98DF30C218181E620092E8A7 /* PBXContainerItemProxy */;
		};
/* End PBXTargetDependency section */

/* Begin PBXVariantGroup section */
		98DF30A318181E620092E8A7 /* InfoPlist.strings */ = {
			isa = PBXVariantGroup;
			children = (
				98DF30A418181E620092E8A7 /* en */,
			);
			name = InfoPlist.strings;
			sourceTree = "<group>";
		};
		98DF30AC18181E620092E8A7 /* Main.storyboard */ = {
			isa = PBXVariantGroup;
			children = (
				98DF30AD18181E620092E8A7 /* Base */,
			);
			name = Main.storyboard;
			sourceTree = "<group>";
		};
		98DF30C718181E620092E8A7 /* InfoPlist.strings */ = {
			isa = PBXVariantGroup;
			children = (
				98DF30C818181E620092E8A7 /* en */,
			);
			name = InfoPlist.strings;
			sourceTree = "<group>";
		};
/* End PBXVariantGroup section */

/* Begin XCBuildConfiguration section */
		98DF30CC18181E620092E8A7 /* Debug */ = {
			isa = XCBuildConfiguration;
			buildSettings = {
				ALWAYS_SEARCH_USER_PATHS = NO;
				ARCHS = "$(ARCHS_STANDARD_INCLUDING_64_BIT)";
				CLANG_CXX_LANGUAGE_STANDARD = "gnu++0x";
				CLANG_CXX_LIBRARY = "libc++";
				CLANG_ENABLE_MODULES = YES;
				CLANG_ENABLE_OBJC_ARC = YES;
				CLANG_WARN_BOOL_CONVERSION = YES;
				CLANG_WARN_CONSTANT_CONVERSION = YES;
				CLANG_WARN_DIRECT_OBJC_ISA_USAGE = YES_ERROR;
				CLANG_WARN_EMPTY_BODY = YES;
				CLANG_WARN_ENUM_CONVERSION = YES;
				CLANG_WARN_INT_CONVERSION = YES;
				CLANG_WARN_OBJC_ROOT_CLASS = YES_ERROR;
				CLANG_WARN__DUPLICATE_METHOD_MATCH = YES;
				"CODE_SIGN_IDENTITY[sdk=iphoneos*]" = "iPhone Developer";
				COPY_PHASE_STRIP = NO;
				GCC_C_LANGUAGE_STANDARD = gnu99;
				GCC_DYNAMIC_NO_PIC = NO;
				GCC_OPTIMIZATION_LEVEL = 0;
				GCC_PREPROCESSOR_DEFINITIONS = (
					"DEBUG=1",
					"$(inherited)",
				);
				GCC_SYMBOLS_PRIVATE_EXTERN = NO;
				GCC_WARN_64_TO_32_BIT_CONVERSION = YES;
				GCC_WARN_ABOUT_RETURN_TYPE = YES_ERROR;
				GCC_WARN_UNDECLARED_SELECTOR = YES;
				GCC_WARN_UNINITIALIZED_AUTOS = YES;
				GCC_WARN_UNUSED_FUNCTION = YES;
				GCC_WARN_UNUSED_VARIABLE = YES;
				IPHONEOS_DEPLOYMENT_TARGET = 7.0;
				ONLY_ACTIVE_ARCH = YES;
				SDKROOT = iphoneos;
				TARGETED_DEVICE_FAMILY = 2;
			};
			name = Debug;
		};
		98DF30CD18181E620092E8A7 /* Release */ = {
			isa = XCBuildConfiguration;
			buildSettings = {
				ALWAYS_SEARCH_USER_PATHS = NO;
				ARCHS = "$(ARCHS_STANDARD_INCLUDING_64_BIT)";
				CLANG_CXX_LANGUAGE_STANDARD = "gnu++0x";
				CLANG_CXX_LIBRARY = "libc++";
				CLANG_ENABLE_MODULES = YES;
				CLANG_ENABLE_OBJC_ARC = YES;
				CLANG_WARN_BOOL_CONVERSION = YES;
				CLANG_WARN_CONSTANT_CONVERSION = YES;
				CLANG_WARN_DIRECT_OBJC_ISA_USAGE = YES_ERROR;
				CLANG_WARN_EMPTY_BODY = YES;
				CLANG_WARN_ENUM_CONVERSION = YES;
				CLANG_WARN_INT_CONVERSION = YES;
				CLANG_WARN_OBJC_ROOT_CLASS = YES_ERROR;
				CLANG_WARN__DUPLICATE_METHOD_MATCH = YES;
				"CODE_SIGN_IDENTITY[sdk=iphoneos*]" = "iPhone Developer";
				COPY_PHASE_STRIP = YES;
				ENABLE_NS_ASSERTIONS = NO;
				GCC_C_LANGUAGE_STANDARD = gnu99;
				GCC_WARN_64_TO_32_BIT_CONVERSION = YES;
				GCC_WARN_ABOUT_RETURN_TYPE = YES_ERROR;
				GCC_WARN_UNDECLARED_SELECTOR = YES;
				GCC_WARN_UNINITIALIZED_AUTOS = YES;
				GCC_WARN_UNUSED_FUNCTION = YES;
				GCC_WARN_UNUSED_VARIABLE = YES;
				IPHONEOS_DEPLOYMENT_TARGET = 7.0;
				SDKROOT = iphoneos;
				TARGETED_DEVICE_FAMILY = 2;
				VALIDATE_PRODUCT = YES;
			};
			name = Release;
		};
		98DF30CF18181E620092E8A7 /* Debug */ = {
			isa = XCBuildConfiguration;
			buildSettings = {
				ASSETCATALOG_COMPILER_APPICON_NAME = AppIcon;
				ASSETCATALOG_COMPILER_LAUNCHIMAGE_NAME = LaunchImage;
				GCC_PRECOMPILE_PREFIX_HEADER = YES;
				GCC_PREFIX_HEADER = "splendens/splendens-Prefix.pch";
				INFOPLIST_FILE = "splendens/splendens-Info.plist";
				PRODUCT_NAME = "$(TARGET_NAME)";
				SPRITEKIT_TEXTURE_ATLAS_OUTPUT = YES;
				WRAPPER_EXTENSION = app;
			};
			name = Debug;
		};
		98DF30D018181E620092E8A7 /* Release */ = {
			isa = XCBuildConfiguration;
			buildSettings = {
				ASSETCATALOG_COMPILER_APPICON_NAME = AppIcon;
				ASSETCATALOG_COMPILER_LAUNCHIMAGE_NAME = LaunchImage;
				GCC_PRECOMPILE_PREFIX_HEADER = YES;
				GCC_PREFIX_HEADER = "splendens/splendens-Prefix.pch";
				INFOPLIST_FILE = "splendens/splendens-Info.plist";
				PRODUCT_NAME = "$(TARGET_NAME)";
				SPRITEKIT_TEXTURE_ATLAS_OUTPUT = YES;
				WRAPPER_EXTENSION = app;
			};
			name = Release;
		};
		98DF30D218181E620092E8A7 /* Debug */ = {
			isa = XCBuildConfiguration;
			buildSettings = {
				ARCHS = "$(ARCHS_STANDARD_INCLUDING_64_BIT)";
				BUNDLE_LOADER = "$(BUILT_PRODUCTS_DIR)/splendens.app/splendens";
				FRAMEWORK_SEARCH_PATHS = (
					"$(SDKROOT)/Developer/Library/Frameworks",
					"$(inherited)",
					"$(DEVELOPER_FRAMEWORKS_DIR)",
				);
				GCC_PRECOMPILE_PREFIX_HEADER = YES;
				GCC_PREFIX_HEADER = "splendens/splendens-Prefix.pch";
				GCC_PREPROCESSOR_DEFINITIONS = (
					"DEBUG=1",
					"$(inherited)",
				);
				INFOPLIST_FILE = "splendensTests/splendensTests-Info.plist";
				PRODUCT_NAME = "$(TARGET_NAME)";
				TEST_HOST = "$(BUNDLE_LOADER)";
				WRAPPER_EXTENSION = xctest;
			};
			name = Debug;
		};
		98DF30D318181E620092E8A7 /* Release */ = {
			isa = XCBuildConfiguration;
			buildSettings = {
				ARCHS = "$(ARCHS_STANDARD_INCLUDING_64_BIT)";
				BUNDLE_LOADER = "$(BUILT_PRODUCTS_DIR)/splendens.app/splendens";
				FRAMEWORK_SEARCH_PATHS = (
					"$(SDKROOT)/Developer/Library/Frameworks",
					"$(inherited)",
					"$(DEVELOPER_FRAMEWORKS_DIR)",
				);
				GCC_PRECOMPILE_PREFIX_HEADER = YES;
				GCC_PREFIX_HEADER = "splendens/splendens-Prefix.pch";
				INFOPLIST_FILE = "splendensTests/splendensTests-Info.plist";
				PRODUCT_NAME = "$(TARGET_NAME)";
				TEST_HOST = "$(BUNDLE_LOADER)";
				WRAPPER_EXTENSION = xctest;
			};
			name = Release;
		};
/* End XCBuildConfiguration section */

/* Begin XCConfigurationList section */
		98DF309018181E620092E8A7 /* Build configuration list for PBXProject "splendens" */ = {
			isa = XCConfigurationList;
			buildConfigurations = (
				98DF30CC18181E620092E8A7 /* Debug */,
				98DF30CD18181E620092E8A7 /* Release */,
			);
			defaultConfigurationIsVisible = 0;
			defaultConfigurationName = Release;
		};
		98DF30CE18181E620092E8A7 /* Build configuration list for PBXNativeTarget "splendens" */ = {
			isa = XCConfigurationList;
			buildConfigurations = (
				98DF30CF18181E620092E8A7 /* Debug */,
				98DF30D018181E620092E8A7 /* Release */,
			);
			defaultConfigurationIsVisible = 0;
			defaultConfigurationName = Release;
		};
		98DF30D118181E620092E8A7 /* Build configuration list for PBXNativeTarget "splendensTests" */ = {
			isa = XCConfigurationList;
			buildConfigurations = (
				98DF30D218181E620092E8A7 /* Debug */,
				98DF30D318181E620092E8A7 /* Release */,
			);
			defaultConfigurationIsVisible = 0;
			defaultConfigurationName = Release;
		};
/* End XCConfigurationList section */
	};
	rootObject = 98DF308D18181E620092E8A7 /* Project object */;
}
